// !$*UTF8*$!
{
	archiveVersion = 1;
	classes = {
	};
	objectVersion = 46;
	objects = {

/* Begin PBXBuildFile section */
		E4A8B4241CE435F900C27AFB /* main.m in Sources */ = {isa = PBXBuildFile; fileRef = E4A8B4231CE435F900C27AFB /* main.m */; };
		E4A8B4271CE435F900C27AFB /* AppDelegate.m in Sources */ = {isa = PBXBuildFile; fileRef = E4A8B4261CE435F900C27AFB /* AppDelegate.m */; };
		E4A8B42A1CE435F900C27AFB /* ViewController.m in Sources */ = {isa = PBXBuildFile; fileRef = E4A8B4291CE435F900C27AFB /* ViewController.m */; };
		E4A8B42D1CE435F900C27AFB /* Main.storyboard in Resources */ = {isa = PBXBuildFile; fileRef = E4A8B42B1CE435F900C27AFB /* Main.storyboard */; };
		E4A8B42F1CE435F900C27AFB /* Assets.xcassets in Resources */ = {isa = PBXBuildFile; fileRef = E4A8B42E1CE435F900C27AFB /* Assets.xcassets */; };
		E4A8B4321CE435F900C27AFB /* LaunchScreen.storyboard in Resources */ = {isa = PBXBuildFile; fileRef = E4A8B4301CE435F900C27AFB /* LaunchScreen.storyboard */; };
		E4A8B43D1CE435FA00C27AFB /* MovieBreakTests.m in Sources */ = {isa = PBXBuildFile; fileRef = E4A8B43C1CE435FA00C27AFB /* MovieBreakTests.m */; };
		E4A8B4481CE435FA00C27AFB /* MovieBreakUITests.m in Sources */ = {isa = PBXBuildFile; fileRef = E4A8B4471CE435FA00C27AFB /* MovieBreakUITests.m */; };
		E4A8B4561CE4368A00C27AFB /* final.jpg in Resources */ = {isa = PBXBuildFile; fileRef = E4A8B4551CE4368A00C27AFB /* final.jpg */; };
		E4A8B4581CE438D700C27AFB /* moviehall.jpg in Resources */ = {isa = PBXBuildFile; fileRef = E4A8B4571CE438D700C27AFB /* moviehall.jpg */; };
		E4A8B45A1CE43AB200C27AFB /* moviewall.jpg in Resources */ = {isa = PBXBuildFile; fileRef = E4A8B4591CE43AB200C27AFB /* moviewall.jpg */; };
		E4A8B45C1CE43E5700C27AFB /* a.jpg in Resources */ = {isa = PBXBuildFile; fileRef = E4A8B45B1CE43E5700C27AFB /* a.jpg */; };
		E4CDA8D81CE4448C0061D9CC /* A1.png in Resources */ = {isa = PBXBuildFile; fileRef = E4CDA8D71CE4448C0061D9CC /* A1.png */; };
		E4CDA8DA1CE4456D0061D9CC /* orangea.png in Resources */ = {isa = PBXBuildFile; fileRef = E4CDA8D91CE4456D0061D9CC /* orangea.png */; };
		E4CDA8DC1CE446560061D9CC /* b.png in Resources */ = {isa = PBXBuildFile; fileRef = E4CDA8DB1CE446560061D9CC /* b.png */; };
		E4CDA8DE1CE454800061D9CC /* reel2.png in Resources */ = {isa = PBXBuildFile; fileRef = E4CDA8DD1CE454800061D9CC /* reel2.png */; };
		E4CDA8E01CE456970061D9CC /* strip.png in Resources */ = {isa = PBXBuildFile; fileRef = E4CDA8DF1CE456970061D9CC /* strip.png */; };
		E4CDA8E21CE45EA00061D9CC /* hangman.jpg in Resources */ = {isa = PBXBuildFile; fileRef = E4CDA8E11CE45EA00061D9CC /* hangman.jpg */; };
		E4CDA8E41CE45FAB0061D9CC /* hang.png in Resources */ = {isa = PBXBuildFile; fileRef = E4CDA8E31CE45FAB0061D9CC /* hang.png */; };
		E4CDA8E61CE4602B0061D9CC /* sad.png in Resources */ = {isa = PBXBuildFile; fileRef = E4CDA8E51CE4602B0061D9CC /* sad.png */; };
/* End PBXBuildFile section */

/* Begin PBXContainerItemProxy section */
		E4A8B4391CE435FA00C27AFB /* PBXContainerItemProxy */ = {
			isa = PBXContainerItemProxy;
			containerPortal = E4A8B4171CE435F900C27AFB /* Project object */;
			proxyType = 1;
			remoteGlobalIDString = E4A8B41E1CE435F900C27AFB;
			remoteInfo = MovieBreak;
		};
		E4A8B4441CE435FA00C27AFB /* PBXContainerItemProxy */ = {
			isa = PBXContainerItemProxy;
			containerPortal = E4A8B4171CE435F900C27AFB /* Project object */;
			proxyType = 1;
			remoteGlobalIDString = E4A8B41E1CE435F900C27AFB;
			remoteInfo = MovieBreak;
		};
/* End PBXContainerItemProxy section */

/* Begin PBXFileReference section */
		E4A8B41F1CE435F900C27AFB /* MovieBreak.app */ = {isa = PBXFileReference; explicitFileType = wrapper.application; includeInIndex = 0; path = MovieBreak.app; sourceTree = BUILT_PRODUCTS_DIR; };
		E4A8B4231CE435F900C27AFB /* main.m */ = {isa = PBXFileReference; lastKnownFileType = sourcecode.c.objc; path = main.m; sourceTree = "<group>"; };
		E4A8B4251CE435F900C27AFB /* AppDelegate.h */ = {isa = PBXFileReference; lastKnownFileType = sourcecode.c.h; path = AppDelegate.h; sourceTree = "<group>"; };
		E4A8B4261CE435F900C27AFB /* AppDelegate.m */ = {isa = PBXFileReference; lastKnownFileType = sourcecode.c.objc; path = AppDelegate.m; sourceTree = "<group>"; };
		E4A8B4281CE435F900C27AFB /* ViewController.h */ = {isa = PBXFileReference; lastKnownFileType = sourcecode.c.h; path = ViewController.h; sourceTree = "<group>"; };
		E4A8B4291CE435F900C27AFB /* ViewController.m */ = {isa = PBXFileReference; lastKnownFileType = sourcecode.c.objc; path = ViewController.m; sourceTree = "<group>"; };
		E4A8B42C1CE435F900C27AFB /* Base */ = {isa = PBXFileReference; lastKnownFileType = file.storyboard; name = Base; path = Base.lproj/Main.storyboard; sourceTree = "<group>"; };
		E4A8B42E1CE435F900C27AFB /* Assets.xcassets */ = {isa = PBXFileReference; lastKnownFileType = folder.assetcatalog; path = Assets.xcassets; sourceTree = "<group>"; };
		E4A8B4311CE435F900C27AFB /* Base */ = {isa = PBXFileReference; lastKnownFileType = file.storyboard; name = Base; path = Base.lproj/LaunchScreen.storyboard; sourceTree = "<group>"; };
		E4A8B4331CE435F900C27AFB /* Info.plist */ = {isa = PBXFileReference; lastKnownFileType = text.plist.xml; path = Info.plist; sourceTree = "<group>"; };
		E4A8B4381CE435FA00C27AFB /* MovieBreakTests.xctest */ = {isa = PBXFileReference; explicitFileType = wrapper.cfbundle; includeInIndex = 0; path = MovieBreakTests.xctest; sourceTree = BUILT_PRODUCTS_DIR; };
		E4A8B43C1CE435FA00C27AFB /* MovieBreakTests.m */ = {isa = PBXFileReference; lastKnownFileType = sourcecode.c.objc; path = MovieBreakTests.m; sourceTree = "<group>"; };
		E4A8B43E1CE435FA00C27AFB /* Info.plist */ = {isa = PBXFileReference; lastKnownFileType = text.plist.xml; path = Info.plist; sourceTree = "<group>"; };
		E4A8B4431CE435FA00C27AFB /* MovieBreakUITests.xctest */ = {isa = PBXFileReference; explicitFileType = wrapper.cfbundle; includeInIndex = 0; path = MovieBreakUITests.xctest; sourceTree = BUILT_PRODUCTS_DIR; };
		E4A8B4471CE435FA00C27AFB /* MovieBreakUITests.m */ = {isa = PBXFileReference; lastKnownFileType = sourcecode.c.objc; path = MovieBreakUITests.m; sourceTree = "<group>"; };
		E4A8B4491CE435FA00C27AFB /* Info.plist */ = {isa = PBXFileReference; lastKnownFileType = text.plist.xml; path = Info.plist; sourceTree = "<group>"; };
		E4A8B4551CE4368A00C27AFB /* final.jpg */ = {isa = PBXFileReference; lastKnownFileType = image.jpeg; path = final.jpg; sourceTree = "<group>"; };
		E4A8B4571CE438D700C27AFB /* moviehall.jpg */ = {isa = PBXFileReference; lastKnownFileType = image.jpeg; path = moviehall.jpg; sourceTree = "<group>"; };
		E4A8B4591CE43AB200C27AFB /* moviewall.jpg */ = {isa = PBXFileReference; lastKnownFileType = image.jpeg; path = moviewall.jpg; sourceTree = "<group>"; };
		E4A8B45B1CE43E5700C27AFB /* a.jpg */ = {isa = PBXFileReference; lastKnownFileType = image.jpeg; path = a.jpg; sourceTree = "<group>"; };
		E4CDA8D71CE4448C0061D9CC /* A1.png */ = {isa = PBXFileReference; lastKnownFileType = image.png; path = A1.png; sourceTree = "<group>"; };
		E4CDA8D91CE4456D0061D9CC /* orangea.png */ = {isa = PBXFileReference; lastKnownFileType = image.png; path = orangea.png; sourceTree = "<group>"; };
		E4CDA8DB1CE446560061D9CC /* b.png */ = {isa = PBXFileReference; lastKnownFileType = image.png; path = b.png; sourceTree = "<group>"; };
		E4CDA8DD1CE454800061D9CC /* reel2.png */ = {isa = PBXFileReference; lastKnownFileType = image.png; path = reel2.png; sourceTree = "<group>"; };
		E4CDA8DF1CE456970061D9CC /* strip.png */ = {isa = PBXFileReference; lastKnownFileType = image.png; path = strip.png; sourceTree = "<group>"; };
		E4CDA8E11CE45EA00061D9CC /* hangman.jpg */ = {isa = PBXFileReference; lastKnownFileType = image.jpeg; path = hangman.jpg; sourceTree = "<group>"; };
		E4CDA8E31CE45FAB0061D9CC /* hang.png */ = {isa = PBXFileReference; lastKnownFileType = image.png; path = hang.png; sourceTree = "<group>"; };
		E4CDA8E51CE4602B0061D9CC /* sad.png */ = {isa = PBXFileReference; lastKnownFileType = image.png; path = sad.png; sourceTree = "<group>"; };
/* End PBXFileReference section */

/* Begin PBXFrameworksBuildPhase section */
		E4A8B41C1CE435F900C27AFB /* Frameworks */ = {
			isa = PBXFrameworksBuildPhase;
			buildActionMask = 2147483647;
			files = (
			);
			runOnlyForDeploymentPostprocessing = 0;
		};
		E4A8B4351CE435FA00C27AFB /* Frameworks */ = {
			isa = PBXFrameworksBuildPhase;
			buildActionMask = 2147483647;
			files = (
			);
			runOnlyForDeploymentPostprocessing = 0;
		};
		E4A8B4401CE435FA00C27AFB /* Frameworks */ = {
			isa = PBXFrameworksBuildPhase;
			buildActionMask = 2147483647;
			files = (
			);
			runOnlyForDeploymentPostprocessing = 0;
		};
/* End PBXFrameworksBuildPhase section */

/* Begin PBXGroup section */
		E4A8B4161CE435F900C27AFB = {
			isa = PBXGroup;
			children = (
				E4A8B4211CE435F900C27AFB /* MovieBreak */,
				E4A8B43B1CE435FA00C27AFB /* MovieBreakTests */,
				E4A8B4461CE435FA00C27AFB /* MovieBreakUITests */,
				E4A8B4201CE435F900C27AFB /* Products */,
			);
			sourceTree = "<group>";
		};
		E4A8B4201CE435F900C27AFB /* Products */ = {
			isa = PBXGroup;
			children = (
				E4A8B41F1CE435F900C27AFB /* MovieBreak.app */,
				E4A8B4381CE435FA00C27AFB /* MovieBreakTests.xctest */,
				E4A8B4431CE435FA00C27AFB /* MovieBreakUITests.xctest */,
			);
			name = Products;
			sourceTree = "<group>";
		};
		E4A8B4211CE435F900C27AFB /* MovieBreak */ = {
			isa = PBXGroup;
			children = (
				E4A8B4251CE435F900C27AFB /* AppDelegate.h */,
				E4A8B4261CE435F900C27AFB /* AppDelegate.m */,
				E4A8B4281CE435F900C27AFB /* ViewController.h */,
				E4A8B4291CE435F900C27AFB /* ViewController.m */,
				E4A8B42B1CE435F900C27AFB /* Main.storyboard */,
				E4A8B42E1CE435F900C27AFB /* Assets.xcassets */,
				E4A8B4301CE435F900C27AFB /* LaunchScreen.storyboard */,
				E4A8B4331CE435F900C27AFB /* Info.plist */,
				E4A8B4221CE435F900C27AFB /* Supporting Files */,
			);
			path = MovieBreak;
			sourceTree = "<group>";
		};
		E4A8B4221CE435F900C27AFB /* Supporting Files */ = {
			isa = PBXGroup;
			children = (
				E4A8B4591CE43AB200C27AFB /* moviewall.jpg */,
				E4A8B45B1CE43E5700C27AFB /* a.jpg */,
				E4CDA8E11CE45EA00061D9CC /* hangman.jpg */,
				E4CDA8DB1CE446560061D9CC /* b.png */,
				E4CDA8D71CE4448C0061D9CC /* A1.png */,
				E4CDA8E31CE45FAB0061D9CC /* hang.png */,
				E4CDA8D91CE4456D0061D9CC /* orangea.png */,
				E4CDA8DF1CE456970061D9CC /* strip.png */,
				E4CDA8E51CE4602B0061D9CC /* sad.png */,
				E4CDA8DD1CE454800061D9CC /* reel2.png */,
				E4A8B4571CE438D700C27AFB /* moviehall.jpg */,
				E4A8B4551CE4368A00C27AFB /* final.jpg */,
				E4A8B4231CE435F900C27AFB /* main.m */,
			);
			name = "Supporting Files";
			sourceTree = "<group>";
		};
		E4A8B43B1CE435FA00C27AFB /* MovieBreakTests */ = {
			isa = PBXGroup;
			children = (
				E4A8B43C1CE435FA00C27AFB /* MovieBreakTests.m */,
				E4A8B43E1CE435FA00C27AFB /* Info.plist */,
			);
			path = MovieBreakTests;
			sourceTree = "<group>";
		};
		E4A8B4461CE435FA00C27AFB /* MovieBreakUITests */ = {
			isa = PBXGroup;
			children = (
				E4A8B4471CE435FA00C27AFB /* MovieBreakUITests.m */,
				E4A8B4491CE435FA00C27AFB /* Info.plist */,
			);
			path = MovieBreakUITests;
			sourceTree = "<group>";
		};
/* End PBXGroup section */

/* Begin PBXNativeTarget section */
		E4A8B41E1CE435F900C27AFB /* MovieBreak */ = {
			isa = PBXNativeTarget;
			buildConfigurationList = E4A8B44C1CE435FA00C27AFB /* Build configuration list for PBXNativeTarget "MovieBreak" */;
			buildPhases = (
				E4A8B41B1CE435F900C27AFB /* Sources */,
				E4A8B41C1CE435F900C27AFB /* Frameworks */,
				E4A8B41D1CE435F900C27AFB /* Resources */,
			);
			buildRules = (
			);
			dependencies = (
			);
			name = MovieBreak;
			productName = MovieBreak;
			productReference = E4A8B41F1CE435F900C27AFB /* MovieBreak.app */;
			productType = "com.apple.product-type.application";
		};
		E4A8B4371CE435FA00C27AFB /* MovieBreakTests */ = {
			isa = PBXNativeTarget;
			buildConfigurationList = E4A8B44F1CE435FA00C27AFB /* Build configuration list for PBXNativeTarget "MovieBreakTests" */;
			buildPhases = (
				E4A8B4341CE435FA00C27AFB /* Sources */,
				E4A8B4351CE435FA00C27AFB /* Frameworks */,
				E4A8B4361CE435FA00C27AFB /* Resources */,
			);
			buildRules = (
			);
			dependencies = (
				E4A8B43A1CE435FA00C27AFB /* PBXTargetDependency */,
			);
			name = MovieBreakTests;
			productName = MovieBreakTests;
			productReference = E4A8B4381CE435FA00C27AFB /* MovieBreakTests.xctest */;
			productType = "com.apple.product-type.bundle.unit-test";
		};
		E4A8B4421CE435FA00C27AFB /* MovieBreakUITests */ = {
			isa = PBXNativeTarget;
			buildConfigurationList = E4A8B4521CE435FA00C27AFB /* Build configuration list for PBXNativeTarget "MovieBreakUITests" */;
			buildPhases = (
				E4A8B43F1CE435FA00C27AFB /* Sources */,
				E4A8B4401CE435FA00C27AFB /* Frameworks */,
				E4A8B4411CE435FA00C27AFB /* Resources */,
			);
			buildRules = (
			);
			dependencies = (
				E4A8B4451CE435FA00C27AFB /* PBXTargetDependency */,
			);
			name = MovieBreakUITests;
			productName = MovieBreakUITests;
			productReference = E4A8B4431CE435FA00C27AFB /* MovieBreakUITests.xctest */;
			productType = "com.apple.product-type.bundle.ui-testing";
		};
/* End PBXNativeTarget section */

/* Begin PBXProject section */
		E4A8B4171CE435F900C27AFB /* Project object */ = {
			isa = PBXProject;
			attributes = {
				LastUpgradeCheck = 0720;
				ORGANIZATIONNAME = "Triveni Banpela";
				TargetAttributes = {
					E4A8B41E1CE435F900C27AFB = {
						CreatedOnToolsVersion = 7.2;
						DevelopmentTeam = 4WGU9M6627;
					};
					E4A8B4371CE435FA00C27AFB = {
						CreatedOnToolsVersion = 7.2;
						DevelopmentTeam = 4WGU9M6627;
						TestTargetID = E4A8B41E1CE435F900C27AFB;
					};
					E4A8B4421CE435FA00C27AFB = {
						CreatedOnToolsVersion = 7.2;
						DevelopmentTeam = 4WGU9M6627;
						TestTargetID = E4A8B41E1CE435F900C27AFB;
					};
				};
			};
			buildConfigurationList = E4A8B41A1CE435F900C27AFB /* Build configuration list for PBXProject "MovieBreak" */;
			compatibilityVersion = "Xcode 3.2";
			developmentRegion = English;
			hasScannedForEncodings = 0;
			knownRegions = (
				en,
				Base,
			);
			mainGroup = E4A8B4161CE435F900C27AFB;
			productRefGroup = E4A8B4201CE435F900C27AFB /* Products */;
			projectDirPath = "";
			projectRoot = "";
			targets = (
				E4A8B41E1CE435F900C27AFB /* MovieBreak */,
				E4A8B4371CE435FA00C27AFB /* MovieBreakTests */,
				E4A8B4421CE435FA00C27AFB /* MovieBreakUITests */,
			);
		};
/* End PBXProject section */

/* Begin PBXResourcesBuildPhase section */
		E4A8B41D1CE435F900C27AFB /* Resources */ = {
			isa = PBXResourcesBuildPhase;
			buildActionMask = 2147483647;
			files = (
				E4A8B4321CE435F900C27AFB /* LaunchScreen.storyboard in Resources */,
				E4A8B4581CE438D700C27AFB /* moviehall.jpg in Resources */,
				E4A8B45A1CE43AB200C27AFB /* moviewall.jpg in Resources */,
				E4CDA8DA1CE4456D0061D9CC /* orangea.png in Resources */,
				E4CDA8D81CE4448C0061D9CC /* A1.png in Resources */,
				E4A8B45C1CE43E5700C27AFB /* a.jpg in Resources */,
				E4CDA8DC1CE446560061D9CC /* b.png in Resources */,
				E4A8B42F1CE435F900C27AFB /* Assets.xcassets in Resources */,
				E4CDA8DE1CE454800061D9CC /* reel2.png in Resources */,
				E4CDA8E41CE45FAB0061D9CC /* hang.png in Resources */,
				E4A8B4561CE4368A00C27AFB /* final.jpg in Resources */,
				E4CDA8E21CE45EA00061D9CC /* hangman.jpg in Resources */,
				E4CDA8E61CE4602B0061D9CC /* sad.png in Resources */,
				E4CDA8E01CE456970061D9CC /* strip.png in Resources */,
				E4A8B42D1CE435F900C27AFB /* Main.storyboard in Resources */,
			);
			runOnlyForDeploymentPostprocessing = 0;
		};
		E4A8B4361CE435FA00C27AFB /* Resources */ = {
			isa = PBXResourcesBuildPhase;
			buildActionMask = 2147483647;
			files = (
			);
			runOnlyForDeploymentPostprocessing = 0;
		};
		E4A8B4411CE435FA00C27AFB /* Resources */ = {
			isa = PBXResourcesBuildPhase;
			buildActionMask = 2147483647;
			files = (
			);
			runOnlyForDeploymentPostprocessing = 0;
		};
/* End PBXResourcesBuildPhase section */

/* Begin PBXSourcesBuildPhase section */
		E4A8B41B1CE435F900C27AFB /* Sources */ = {
			isa = PBXSourcesBuildPhase;
			buildActionMask = 2147483647;
			files = (
				E4A8B42A1CE435F900C27AFB /* ViewController.m in Sources */,
				E4A8B4271CE435F900C27AFB /* AppDelegate.m in Sources */,
				E4A8B4241CE435F900C27AFB /* main.m in Sources */,
			);
			runOnlyForDeploymentPostprocessing = 0;
		};
		E4A8B4341CE435FA00C27AFB /* Sources */ = {
			isa = PBXSourcesBuildPhase;
			buildActionMask = 2147483647;
			files = (
				E4A8B43D1CE435FA00C27AFB /* MovieBreakTests.m in Sources */,
			);
			runOnlyForDeploymentPostprocessing = 0;
		};
		E4A8B43F1CE435FA00C27AFB /* Sources */ = {
			isa = PBXSourcesBuildPhase;
			buildActionMask = 2147483647;
			files = (
				E4A8B4481CE435FA00C27AFB /* MovieBreakUITests.m in Sources */,
			);
			runOnlyForDeploymentPostprocessing = 0;
		};
/* End PBXSourcesBuildPhase section */

/* Begin PBXTargetDependency section */
		E4A8B43A1CE435FA00C27AFB /* PBXTargetDependency */ = {
			isa = PBXTargetDependency;
			target = E4A8B41E1CE435F900C27AFB /* MovieBreak */;
			targetProxy = E4A8B4391CE435FA00C27AFB /* PBXContainerItemProxy */;
		};
		E4A8B4451CE435FA00C27AFB /* PBXTargetDependency */ = {
			isa = PBXTargetDependency;
			target = E4A8B41E1CE435F900C27AFB /* MovieBreak */;
			targetProxy = E4A8B4441CE435FA00C27AFB /* PBXContainerItemProxy */;
		};
/* End PBXTargetDependency section */

/* Begin PBXVariantGroup section */
		E4A8B42B1CE435F900C27AFB /* Main.storyboard */ = {
			isa = PBXVariantGroup;
			children = (
				E4A8B42C1CE435F900C27AFB /* Base */,
			);
			name = Main.storyboard;
			sourceTree = "<group>";
		};
		E4A8B4301CE435F900C27AFB /* LaunchScreen.storyboard */ = {
			isa = PBXVariantGroup;
			children = (
				E4A8B4311CE435F900C27AFB /* Base */,
			);
			name = LaunchScreen.storyboard;
			sourceTree = "<group>";
		};
/* End PBXVariantGroup section */

/* Begin XCBuildConfiguration section */
		E4A8B44A1CE435FA00C27AFB /* Debug */ = {
			isa = XCBuildConfiguration;
			buildSettings = {
				ALWAYS_SEARCH_USER_PATHS = NO;
				CLANG_CXX_LANGUAGE_STANDARD = "gnu++0x";
				CLANG_CXX_LIBRARY = "libc++";
				CLANG_ENABLE_MODULES = YES;
				CLANG_ENABLE_OBJC_ARC = YES;
				CLANG_WARN_BOOL_CONVERSION = YES;
				CLANG_WARN_CONSTANT_CONVERSION = YES;
				CLANG_WARN_DIRECT_OBJC_ISA_USAGE = YES_ERROR;
				CLANG_WARN_EMPTY_BODY = YES;
				CLANG_WARN_ENUM_CONVERSION = YES;
				CLANG_WARN_INT_CONVERSION = YES;
				CLANG_WARN_OBJC_ROOT_CLASS = YES_ERROR;
				CLANG_WARN_UNREACHABLE_CODE = YES;
				CLANG_WARN__DUPLICATE_METHOD_MATCH = YES;
				"CODE_SIGN_IDENTITY[sdk=iphoneos*]" = "iPhone Developer";
				COPY_PHASE_STRIP = NO;
				DEBUG_INFORMATION_FORMAT = dwarf;
				ENABLE_STRICT_OBJC_MSGSEND = YES;
				ENABLE_TESTABILITY = YES;
				GCC_C_LANGUAGE_STANDARD = gnu99;
				GCC_DYNAMIC_NO_PIC = NO;
				GCC_NO_COMMON_BLOCKS = YES;
				GCC_OPTIMIZATION_LEVEL = 0;
				GCC_PREPROCESSOR_DEFINITIONS = (
					"DEBUG=1",
					"$(inherited)",
				);
				GCC_WARN_64_TO_32_BIT_CONVERSION = YES;
				GCC_WARN_ABOUT_RETURN_TYPE = YES_ERROR;
				GCC_WARN_UNDECLARED_SELECTOR = YES;
				GCC_WARN_UNINITIALIZED_AUTOS = YES_AGGRESSIVE;
				GCC_WARN_UNUSED_FUNCTION = YES;
				GCC_WARN_UNUSED_VARIABLE = YES;
				IPHONEOS_DEPLOYMENT_TARGET = 9.2;
				MTL_ENABLE_DEBUG_INFO = YES;
				ONLY_ACTIVE_ARCH = YES;
				SDKROOT = iphoneos;
			};
			name = Debug;
		};
		E4A8B44B1CE435FA00C27AFB /* Release */ = {
			isa = XCBuildConfiguration;
			buildSettings = {
				ALWAYS_SEARCH_USER_PATHS = NO;
				CLANG_CXX_LANGUAGE_STANDARD = "gnu++0x";
				CLANG_CXX_LIBRARY = "libc++";
				CLANG_ENABLE_MODULES = YES;
				CLANG_ENABLE_OBJC_ARC = YES;
				CLANG_WARN_BOOL_CONVERSION = YES;
				CLANG_WARN_CONSTANT_CONVERSION = YES;
				CLANG_WARN_DIRECT_OBJC_ISA_USAGE = YES_ERROR;
				CLANG_WARN_EMPTY_BODY = YES;
				CLANG_WARN_ENUM_CONVERSION = YES;
				CLANG_WARN_INT_CONVERSION = YES;
				CLANG_WARN_OBJC_ROOT_CLASS = YES_ERROR;
				CLANG_WARN_UNREACHABLE_CODE = YES;
				CLANG_WARN__DUPLICATE_METHOD_MATCH = YES;
				"CODE_SIGN_IDENTITY[sdk=iphoneos*]" = "iPhone Developer";
				COPY_PHASE_STRIP = NO;
				DEBUG_INFORMATION_FORMAT = "dwarf-with-dsym";
				ENABLE_NS_ASSERTIONS = NO;
				ENABLE_STRICT_OBJC_MSGSEND = YES;
				GCC_C_LANGUAGE_STANDARD = gnu99;
				GCC_NO_COMMON_BLOCKS = YES;
				GCC_WARN_64_TO_32_BIT_CONVERSION = YES;
				GCC_WARN_ABOUT_RETURN_TYPE = YES_ERROR;
				GCC_WARN_UNDECLARED_SELECTOR = YES;
				GCC_WARN_UNINITIALIZED_AUTOS = YES_AGGRESSIVE;
				GCC_WARN_UNUSED_FUNCTION = YES;
				GCC_WARN_UNUSED_VARIABLE = YES;
				IPHONEOS_DEPLOYMENT_TARGET = 9.2;
				MTL_ENABLE_DEBUG_INFO = NO;
				SDKROOT = iphoneos;
				VALIDATE_PRODUCT = YES;
			};
			name = Release;
		};
		E4A8B44D1CE435FA00C27AFB /* Debug */ = {
			isa = XCBuildConfiguration;
			buildSettings = {
				ASSETCATALOG_COMPILER_APPICON_NAME = AppIcon;
				INFOPLIST_FILE = MovieBreak/Info.plist;
				LD_RUNPATH_SEARCH_PATHS = "$(inherited) @executable_path/Frameworks";
				PRODUCT_BUNDLE_IDENTIFIER = triveni.MovieBreak;
				PRODUCT_NAME = "$(TARGET_NAME)";
			};
			name = Debug;
		};
		E4A8B44E1CE435FA00C27AFB /* Release */ = {
			isa = XCBuildConfiguration;
			buildSettings = {
				ASSETCATALOG_COMPILER_APPICON_NAME = AppIcon;
				INFOPLIST_FILE = MovieBreak/Info.plist;
				LD_RUNPATH_SEARCH_PATHS = "$(inherited) @executable_path/Frameworks";
				PRODUCT_BUNDLE_IDENTIFIER = triveni.MovieBreak;
				PRODUCT_NAME = "$(TARGET_NAME)";
			};
			name = Release;
		};
		E4A8B4501CE435FA00C27AFB /* Debug */ = {
			isa = XCBuildConfiguration;
			buildSettings = {
				BUNDLE_LOADER = "$(TEST_HOST)";
				INFOPLIST_FILE = MovieBreakTests/Info.plist;
				LD_RUNPATH_SEARCH_PATHS = "$(inherited) @executable_path/Frameworks @loader_path/Frameworks";
				PRODUCT_BUNDLE_IDENTIFIER = triveni.MovieBreakTests;
				PRODUCT_NAME = "$(TARGET_NAME)";
				TEST_HOST = "$(BUILT_PRODUCTS_DIR)/MovieBreak.app/MovieBreak";
			};
			name = Debug;
		};
		E4A8B4511CE435FA00C27AFB /* Release */ = {
			isa = XCBuildConfiguration;
			buildSettings = {
				BUNDLE_LOADER = "$(TEST_HOST)";
				INFOPLIST_FILE = MovieBreakTests/Info.plist;
				LD_RUNPATH_SEARCH_PATHS = "$(inherited) @executable_path/Frameworks @loader_path/Frameworks";
				PRODUCT_BUNDLE_IDENTIFIER = triveni.MovieBreakTests;
				PRODUCT_NAME = "$(TARGET_NAME)";
				TEST_HOST = "$(BUILT_PRODUCTS_DIR)/MovieBreak.app/MovieBreak";
			};
			name = Release;
		};
		E4A8B4531CE435FA00C27AFB /* Debug */ = {
			isa = XCBuildConfiguration;
			buildSettings = {
				INFOPLIST_FILE = MovieBreakUITests/Info.plist;
				LD_RUNPATH_SEARCH_PATHS = "$(inherited) @executable_path/Frameworks @loader_path/Frameworks";
				PRODUCT_BUNDLE_IDENTIFIER = triveni.MovieBreakUITests;
				PRODUCT_NAME = "$(TARGET_NAME)";
				TEST_TARGET_NAME = MovieBreak;
				USES_XCTRUNNER = YES;
			};
			name = Debug;
		};
		E4A8B4541CE435FA00C27AFB /* Release */ = {
			isa = XCBuildConfiguration;
			buildSettings = {
				INFOPLIST_FILE = MovieBreakUITests/Info.plist;
				LD_RUNPATH_SEARCH_PATHS = "$(inherited) @executable_path/Frameworks @loader_path/Frameworks";
				PRODUCT_BUNDLE_IDENTIFIER = triveni.MovieBreakUITests;
				PRODUCT_NAME = "$(TARGET_NAME)";
				TEST_TARGET_NAME = MovieBreak;
				USES_XCTRUNNER = YES;
			};
			name = Release;
		};
/* End XCBuildConfiguration section */

/* Begin XCConfigurationList section */
		E4A8B41A1CE435F900C27AFB /* Build configuration list for PBXProject "MovieBreak" */ = {
			isa = XCConfigurationList;
			buildConfigurations = (
				E4A8B44A1CE435FA00C27AFB /* Debug */,
				E4A8B44B1CE435FA00C27AFB /* Release */,
			);
			defaultConfigurationIsVisible = 0;
			defaultConfigurationName = Release;
		};
		E4A8B44C1CE435FA00C27AFB /* Build configuration list for PBXNativeTarget "MovieBreak" */ = {
			isa = XCConfigurationList;
			buildConfigurations = (
				E4A8B44D1CE435FA00C27AFB /* Debug */,
				E4A8B44E1CE435FA00C27AFB /* Release */,
			);
			defaultConfigurationIsVisible = 0;
			defaultConfigurationName = Release;
		};
		E4A8B44F1CE435FA00C27AFB /* Build configuration list for PBXNativeTarget "MovieBreakTests" */ = {
			isa = XCConfigurationList;
			buildConfigurations = (
				E4A8B4501CE435FA00C27AFB /* Debug */,
				E4A8B4511CE435FA00C27AFB /* Release */,
			);
			defaultConfigurationIsVisible = 0;
			defaultConfigurationName = Release;
		};
		E4A8B4521CE435FA00C27AFB /* Build configuration list for PBXNativeTarget "MovieBreakUITests" */ = {
			isa = XCConfigurationList;
			buildConfigurations = (
				E4A8B4531CE435FA00C27AFB /* Debug */,
				E4A8B4541CE435FA00C27AFB /* Release */,
			);
			defaultConfigurationIsVisible = 0;
			defaultConfigurationName = Release;
		};
/* End XCConfigurationList section */
	};
	rootObject = E4A8B4171CE435F900C27AFB /* Project object */;
}
